// !$*UTF8*$!
{
	archiveVersion = 1;
	classes = {
	};
	objectVersion = 56;
	objects = {

/* Begin PBXBuildFile section */
		CC111B2F2A553AB400926F63 /* ResultViewController.swift in Sources */ = {isa = PBXBuildFile; fileRef = CC111B2D2A553AB400926F63 /* ResultViewController.swift */; };
		CC111B302A553AB400926F63 /* ResultViewController.xib in Resources */ = {isa = PBXBuildFile; fileRef = CC111B2E2A553AB400926F63 /* ResultViewController.xib */; };
		CC111B322A55580300926F63 /* Localizable.strings in Resources */ = {isa = PBXBuildFile; fileRef = CC111B312A55580300926F63 /* Localizable.strings */; };
		CC23704F2A3EF504001B838E /* AppConstants.swift in Sources */ = {isa = PBXBuildFile; fileRef = CC23704E2A3EF504001B838E /* AppConstants.swift */; };
		CC29B04A2A40277C00C6DAFD /* Question.swift in Sources */ = {isa = PBXBuildFile; fileRef = CC29B0492A40277C00C6DAFD /* Question.swift */; };
		CC5635232A3F039F004C7323 /* PracticeViewController.swift in Sources */ = {isa = PBXBuildFile; fileRef = CC5635212A3F039F004C7323 /* PracticeViewController.swift */; };
		CC5635242A3F039F004C7323 /* PracticeViewController.xib in Resources */ = {isa = PBXBuildFile; fileRef = CC5635222A3F039F004C7323 /* PracticeViewController.xib */; };
		CC5635262A3F0548004C7323 /* Colors.xcassets in Resources */ = {isa = PBXBuildFile; fileRef = CC5635252A3F0548004C7323 /* Colors.xcassets */; };
		CC6E7D402A3E41A700E326CA /* PlayMenuViewController.swift in Sources */ = {isa = PBXBuildFile; fileRef = CC6E7D3E2A3E41A700E326CA /* PlayMenuViewController.swift */; };
		CC6E7D412A3E41A700E326CA /* PlayMenuViewController.xib in Resources */ = {isa = PBXBuildFile; fileRef = CC6E7D3F2A3E41A700E326CA /* PlayMenuViewController.xib */; };
		CC6E7D452A3E4BDC00E326CA /* GameModeViewController.swift in Sources */ = {isa = PBXBuildFile; fileRef = CC6E7D432A3E4BDC00E326CA /* GameModeViewController.swift */; };
		CC6E7D462A3E4BDC00E326CA /* GameModeViewController.xib in Resources */ = {isa = PBXBuildFile; fileRef = CC6E7D442A3E4BDC00E326CA /* GameModeViewController.xib */; };
		CCA1E3082A40E176006A70D3 /* QuizViewController.swift in Sources */ = {isa = PBXBuildFile; fileRef = CCA1E3062A40E176006A70D3 /* QuizViewController.swift */; };
		CCA1E3092A40E176006A70D3 /* QuizViewController.xib in Resources */ = {isa = PBXBuildFile; fileRef = CCA1E3072A40E176006A70D3 /* QuizViewController.xib */; };
		CCB5D00B2A3AEED0004B9A36 /* AppDelegate.swift in Sources */ = {isa = PBXBuildFile; fileRef = CCB5D00A2A3AEED0004B9A36 /* AppDelegate.swift */; };
		CCB5D00D2A3AEED0004B9A36 /* SceneDelegate.swift in Sources */ = {isa = PBXBuildFile; fileRef = CCB5D00C2A3AEED0004B9A36 /* SceneDelegate.swift */; };
		CCB5D00F2A3AEED0004B9A36 /* ViewController.swift in Sources */ = {isa = PBXBuildFile; fileRef = CCB5D00E2A3AEED0004B9A36 /* ViewController.swift */; };
		CCB5D0122A3AEED0004B9A36 /* Main.storyboard in Resources */ = {isa = PBXBuildFile; fileRef = CCB5D0102A3AEED0004B9A36 /* Main.storyboard */; };
		CCB5D0142A3AEED2004B9A36 /* Assets.xcassets in Resources */ = {isa = PBXBuildFile; fileRef = CCB5D0132A3AEED2004B9A36 /* Assets.xcassets */; };
		CCB5D0172A3AEED2004B9A36 /* LaunchScreen.storyboard in Resources */ = {isa = PBXBuildFile; fileRef = CCB5D0152A3AEED2004B9A36 /* LaunchScreen.storyboard */; };
		CCDF13D72A3C6CBF00885E9D /* carter_one_regular.ttf in Resources */ = {isa = PBXBuildFile; fileRef = CCDF13D62A3C6CBF00885E9D /* carter_one_regular.ttf */; };
		CCDF13DD2A3C75F400885E9D /* OptionsViewController.swift in Sources */ = {isa = PBXBuildFile; fileRef = CCDF13DB2A3C75F400885E9D /* OptionsViewController.swift */; };
		CCDF13DE2A3C75F400885E9D /* OptionsViewController.xib in Resources */ = {isa = PBXBuildFile; fileRef = CCDF13DC2A3C75F400885E9D /* OptionsViewController.xib */; };
/* End PBXBuildFile section */

/* Begin PBXFileReference section */
		CC111B2D2A553AB400926F63 /* ResultViewController.swift */ = {isa = PBXFileReference; lastKnownFileType = sourcecode.swift; path = ResultViewController.swift; sourceTree = "<group>"; };
		CC111B2E2A553AB400926F63 /* ResultViewController.xib */ = {isa = PBXFileReference; lastKnownFileType = file.xib; path = ResultViewController.xib; sourceTree = "<group>"; };
		CC111B312A55580300926F63 /* Localizable.strings */ = {isa = PBXFileReference; lastKnownFileType = text.plist.strings; path = Localizable.strings; sourceTree = "<group>"; };
		CC23704E2A3EF504001B838E /* AppConstants.swift */ = {isa = PBXFileReference; lastKnownFileType = sourcecode.swift; path = AppConstants.swift; sourceTree = "<group>"; };
		CC29B0492A40277C00C6DAFD /* Question.swift */ = {isa = PBXFileReference; lastKnownFileType = sourcecode.swift; path = Question.swift; sourceTree = "<group>"; };
		CC5635212A3F039F004C7323 /* PracticeViewController.swift */ = {isa = PBXFileReference; lastKnownFileType = sourcecode.swift; path = PracticeViewController.swift; sourceTree = "<group>"; };
		CC5635222A3F039F004C7323 /* PracticeViewController.xib */ = {isa = PBXFileReference; lastKnownFileType = file.xib; path = PracticeViewController.xib; sourceTree = "<group>"; };
		CC5635252A3F0548004C7323 /* Colors.xcassets */ = {isa = PBXFileReference; lastKnownFileType = folder.assetcatalog; path = Colors.xcassets; sourceTree = "<group>"; };
		CC6E7D3E2A3E41A700E326CA /* PlayMenuViewController.swift */ = {isa = PBXFileReference; lastKnownFileType = sourcecode.swift; path = PlayMenuViewController.swift; sourceTree = "<group>"; };
		CC6E7D3F2A3E41A700E326CA /* PlayMenuViewController.xib */ = {isa = PBXFileReference; lastKnownFileType = file.xib; path = PlayMenuViewController.xib; sourceTree = "<group>"; };
		CC6E7D432A3E4BDC00E326CA /* GameModeViewController.swift */ = {isa = PBXFileReference; lastKnownFileType = sourcecode.swift; path = GameModeViewController.swift; sourceTree = "<group>"; };
		CC6E7D442A3E4BDC00E326CA /* GameModeViewController.xib */ = {isa = PBXFileReference; lastKnownFileType = file.xib; path = GameModeViewController.xib; sourceTree = "<group>"; };
		CCA1E3062A40E176006A70D3 /* QuizViewController.swift */ = {isa = PBXFileReference; lastKnownFileType = sourcecode.swift; path = QuizViewController.swift; sourceTree = "<group>"; };
		CCA1E3072A40E176006A70D3 /* QuizViewController.xib */ = {isa = PBXFileReference; lastKnownFileType = file.xib; path = QuizViewController.xib; sourceTree = "<group>"; };
		CCB5D0072A3AEED0004B9A36 /* Math For Kids.app */ = {isa = PBXFileReference; explicitFileType = wrapper.application; includeInIndex = 0; path = "Math For Kids.app"; sourceTree = BUILT_PRODUCTS_DIR; };
		CCB5D00A2A3AEED0004B9A36 /* AppDelegate.swift */ = {isa = PBXFileReference; lastKnownFileType = sourcecode.swift; path = AppDelegate.swift; sourceTree = "<group>"; };
		CCB5D00C2A3AEED0004B9A36 /* SceneDelegate.swift */ = {isa = PBXFileReference; lastKnownFileType = sourcecode.swift; path = SceneDelegate.swift; sourceTree = "<group>"; };
		CCB5D00E2A3AEED0004B9A36 /* ViewController.swift */ = {isa = PBXFileReference; lastKnownFileType = sourcecode.swift; path = ViewController.swift; sourceTree = "<group>"; };
		CCB5D0112A3AEED0004B9A36 /* Base */ = {isa = PBXFileReference; lastKnownFileType = file.storyboard; name = Base; path = Base.lproj/Main.storyboard; sourceTree = "<group>"; };
		CCB5D0132A3AEED2004B9A36 /* Assets.xcassets */ = {isa = PBXFileReference; lastKnownFileType = folder.assetcatalog; path = Assets.xcassets; sourceTree = "<group>"; };
		CCB5D0162A3AEED2004B9A36 /* Base */ = {isa = PBXFileReference; lastKnownFileType = file.storyboard; name = Base; path = Base.lproj/LaunchScreen.storyboard; sourceTree = "<group>"; };
		CCB5D0182A3AEED2004B9A36 /* Info.plist */ = {isa = PBXFileReference; lastKnownFileType = text.plist.xml; path = Info.plist; sourceTree = "<group>"; };
		CCDF13D62A3C6CBF00885E9D /* carter_one_regular.ttf */ = {isa = PBXFileReference; lastKnownFileType = file; path = carter_one_regular.ttf; sourceTree = "<group>"; };
		CCDF13DB2A3C75F400885E9D /* OptionsViewController.swift */ = {isa = PBXFileReference; lastKnownFileType = sourcecode.swift; path = OptionsViewController.swift; sourceTree = "<group>"; };
		CCDF13DC2A3C75F400885E9D /* OptionsViewController.xib */ = {isa = PBXFileReference; lastKnownFileType = file.xib; path = OptionsViewController.xib; sourceTree = "<group>"; };
/* End PBXFileReference section */

/* Begin PBXFrameworksBuildPhase section */
		CCB5D0042A3AEED0004B9A36 /* Frameworks */ = {
			isa = PBXFrameworksBuildPhase;
			buildActionMask = 2147483647;
			files = (
			);
			runOnlyForDeploymentPostprocessing = 0;
		};
/* End PBXFrameworksBuildPhase section */

/* Begin PBXGroup section */
		CC111B2C2A553A9B00926F63 /* Result */ = {
			isa = PBXGroup;
			children = (
				CC111B2D2A553AB400926F63 /* ResultViewController.swift */,
				CC111B2E2A553AB400926F63 /* ResultViewController.xib */,
			);
			path = Result;
			sourceTree = "<group>";
		};
		CC23704C2A3EF0F8001B838E /* Application */ = {
			isa = PBXGroup;
			children = (
				CCB5D00A2A3AEED0004B9A36 /* AppDelegate.swift */,
				CCB5D00C2A3AEED0004B9A36 /* SceneDelegate.swift */,
				CCB5D0132A3AEED2004B9A36 /* Assets.xcassets */,
				CCB5D0152A3AEED2004B9A36 /* LaunchScreen.storyboard */,
				CCB5D0182A3AEED2004B9A36 /* Info.plist */,
				CC5635252A3F0548004C7323 /* Colors.xcassets */,
				CC111B312A55580300926F63 /* Localizable.strings */,
			);
			path = Application;
			sourceTree = "<group>";
		};
		CC23704D2A3EF1A2001B838E /* Utils */ = {
			isa = PBXGroup;
			children = (
				CC23704E2A3EF504001B838E /* AppConstants.swift */,
			);
			path = Utils;
			sourceTree = "<group>";
		};
		CC29B0482A40276A00C6DAFD /* Model */ = {
			isa = PBXGroup;
			children = (
				CC29B0492A40277C00C6DAFD /* Question.swift */,
			);
			path = Model;
			sourceTree = "<group>";
		};
		CC42B8B82A3E33D3009AEA18 /* Main */ = {
			isa = PBXGroup;
			children = (
				CCB5D00E2A3AEED0004B9A36 /* ViewController.swift */,
				CCB5D0102A3AEED0004B9A36 /* Main.storyboard */,
			);
			path = Main;
			sourceTree = "<group>";
		};
		CC5635202A3F037E004C7323 /* Practice */ = {
			isa = PBXGroup;
			children = (
				CC5635212A3F039F004C7323 /* PracticeViewController.swift */,
				CC5635222A3F039F004C7323 /* PracticeViewController.xib */,
			);
			path = Practice;
			sourceTree = "<group>";
		};
		CC6E7D3D2A3E416D00E326CA /* Play */ = {
			isa = PBXGroup;
			children = (
				CC6E7D3E2A3E41A700E326CA /* PlayMenuViewController.swift */,
				CC6E7D3F2A3E41A700E326CA /* PlayMenuViewController.xib */,
				CC6E7D422A3E4BB500E326CA /* GameMode */,
			);
			path = Play;
			sourceTree = "<group>";
		};
		CC6E7D422A3E4BB500E326CA /* GameMode */ = {
			isa = PBXGroup;
			children = (
				CC6E7D432A3E4BDC00E326CA /* GameModeViewController.swift */,
				CC6E7D442A3E4BDC00E326CA /* GameModeViewController.xib */,
				CCA1E3052A40E146006A70D3 /* Quiz */,
				CC5635202A3F037E004C7323 /* Practice */,
				CC111B2C2A553A9B00926F63 /* Result */,
			);
			path = GameMode;
			sourceTree = "<group>";
		};
		CCA1E3052A40E146006A70D3 /* Quiz */ = {
			isa = PBXGroup;
			children = (
				CCA1E3062A40E176006A70D3 /* QuizViewController.swift */,
				CCA1E3072A40E176006A70D3 /* QuizViewController.xib */,
			);
			path = Quiz;
			sourceTree = "<group>";
		};
		CCB5CFFE2A3AEED0004B9A36 = {
			isa = PBXGroup;
			children = (
				CCB5D0092A3AEED0004B9A36 /* MathForKids */,
				CCB5D0082A3AEED0004B9A36 /* Products */,
			);
			sourceTree = "<group>";
		};
		CCB5D0082A3AEED0004B9A36 /* Products */ = {
			isa = PBXGroup;
			children = (
				CCB5D0072A3AEED0004B9A36 /* Math For Kids.app */,
			);
			name = Products;
			sourceTree = "<group>";
		};
		CCB5D0092A3AEED0004B9A36 /* MathForKids */ = {
			isa = PBXGroup;
			children = (
				CC29B0482A40276A00C6DAFD /* Model */,
				CC23704D2A3EF1A2001B838E /* Utils */,
				CC23704C2A3EF0F8001B838E /* Application */,
				CCDF13D82A3C735000885E9D /* Controllers */,
				CCDF13D52A3C6C8E00885E9D /* Fonts */,
			);
			path = MathForKids;
			sourceTree = "<group>";
		};
		CCDF13D52A3C6C8E00885E9D /* Fonts */ = {
			isa = PBXGroup;
			children = (
				CCDF13D62A3C6CBF00885E9D /* carter_one_regular.ttf */,
			);
			path = Fonts;
			sourceTree = "<group>";
		};
		CCDF13D82A3C735000885E9D /* Controllers */ = {
			isa = PBXGroup;
			children = (
				CC42B8B82A3E33D3009AEA18 /* Main */,
				CC6E7D3D2A3E416D00E326CA /* Play */,
				CCDF13DA2A3C75C200885E9D /* Options */,
			);
			path = Controllers;
			sourceTree = "<group>";
		};
		CCDF13DA2A3C75C200885E9D /* Options */ = {
			isa = PBXGroup;
			children = (
				CCDF13DB2A3C75F400885E9D /* OptionsViewController.swift */,
				CCDF13DC2A3C75F400885E9D /* OptionsViewController.xib */,
			);
			path = Options;
			sourceTree = "<group>";
		};
/* End PBXGroup section */

/* Begin PBXNativeTarget section */
		CCB5D0062A3AEED0004B9A36 /* MathForKids */ = {
			isa = PBXNativeTarget;
			buildConfigurationList = CCB5D01B2A3AEED2004B9A36 /* Build configuration list for PBXNativeTarget "MathForKids" */;
			buildPhases = (
				CCB5D0032A3AEED0004B9A36 /* Sources */,
				CCB5D0042A3AEED0004B9A36 /* Frameworks */,
				CCB5D0052A3AEED0004B9A36 /* Resources */,
			);
			buildRules = (
			);
			dependencies = (
			);
			name = MathForKids;
			productName = MathForKids;
			productReference = CCB5D0072A3AEED0004B9A36 /* Math For Kids.app */;
			productType = "com.apple.product-type.application";
		};
/* End PBXNativeTarget section */

/* Begin PBXProject section */
		CCB5CFFF2A3AEED0004B9A36 /* Project object */ = {
			isa = PBXProject;
			attributes = {
				BuildIndependentTargetsInParallel = 1;
				LastSwiftUpdateCheck = 1430;
				LastUpgradeCheck = 1430;
				TargetAttributes = {
					CCB5D0062A3AEED0004B9A36 = {
						CreatedOnToolsVersion = 14.3;
					};
				};
			};
			buildConfigurationList = CCB5D0022A3AEED0004B9A36 /* Build configuration list for PBXProject "MathForKids" */;
			compatibilityVersion = "Xcode 14.0";
			developmentRegion = en;
			hasScannedForEncodings = 0;
			knownRegions = (
				en,
				Base,
			);
			mainGroup = CCB5CFFE2A3AEED0004B9A36;
			productRefGroup = CCB5D0082A3AEED0004B9A36 /* Products */;
			projectDirPath = "";
			projectRoot = "";
			targets = (
				CCB5D0062A3AEED0004B9A36 /* MathForKids */,
			);
		};
/* End PBXProject section */

/* Begin PBXResourcesBuildPhase section */
		CCB5D0052A3AEED0004B9A36 /* Resources */ = {
			isa = PBXResourcesBuildPhase;
			buildActionMask = 2147483647;
			files = (
				CC5635262A3F0548004C7323 /* Colors.xcassets in Resources */,
				CC111B322A55580300926F63 /* Localizable.strings in Resources */,
				CCB5D0172A3AEED2004B9A36 /* LaunchScreen.storyboard in Resources */,
				CC6E7D462A3E4BDC00E326CA /* GameModeViewController.xib in Resources */,
				CCDF13DE2A3C75F400885E9D /* OptionsViewController.xib in Resources */,
				CC111B302A553AB400926F63 /* ResultViewController.xib in Resources */,
				CCDF13D72A3C6CBF00885E9D /* carter_one_regular.ttf in Resources */,
				CCA1E3092A40E176006A70D3 /* QuizViewController.xib in Resources */,
				CCB5D0142A3AEED2004B9A36 /* Assets.xcassets in Resources */,
				CC5635242A3F039F004C7323 /* PracticeViewController.xib in Resources */,
				CCB5D0122A3AEED0004B9A36 /* Main.storyboard in Resources */,
				CC6E7D412A3E41A700E326CA /* PlayMenuViewController.xib in Resources */,
			);
			runOnlyForDeploymentPostprocessing = 0;
		};
/* End PBXResourcesBuildPhase section */

/* Begin PBXSourcesBuildPhase section */
		CCB5D0032A3AEED0004B9A36 /* Sources */ = {
			isa = PBXSourcesBuildPhase;
			buildActionMask = 2147483647;
			files = (
				CCB5D00F2A3AEED0004B9A36 /* ViewController.swift in Sources */,
				CCA1E3082A40E176006A70D3 /* QuizViewController.swift in Sources */,
				CC5635232A3F039F004C7323 /* PracticeViewController.swift in Sources */,
				CC6E7D452A3E4BDC00E326CA /* GameModeViewController.swift in Sources */,
				CC29B04A2A40277C00C6DAFD /* Question.swift in Sources */,
				CCDF13DD2A3C75F400885E9D /* OptionsViewController.swift in Sources */,
				CCB5D00B2A3AEED0004B9A36 /* AppDelegate.swift in Sources */,
				CC23704F2A3EF504001B838E /* AppConstants.swift in Sources */,
				CC6E7D402A3E41A700E326CA /* PlayMenuViewController.swift in Sources */,
				CCB5D00D2A3AEED0004B9A36 /* SceneDelegate.swift in Sources */,
				CC111B2F2A553AB400926F63 /* ResultViewController.swift in Sources */,
			);
			runOnlyForDeploymentPostprocessing = 0;
		};
/* End PBXSourcesBuildPhase section */

/* Begin PBXVariantGroup section */
		CCB5D0102A3AEED0004B9A36 /* Main.storyboard */ = {
			isa = PBXVariantGroup;
			children = (
				CCB5D0112A3AEED0004B9A36 /* Base */,
			);
			name = Main.storyboard;
			sourceTree = "<group>";
		};
		CCB5D0152A3AEED2004B9A36 /* LaunchScreen.storyboard */ = {
			isa = PBXVariantGroup;
			children = (
				CCB5D0162A3AEED2004B9A36 /* Base */,
			);
			name = LaunchScreen.storyboard;
			sourceTree = "<group>";
		};
/* End PBXVariantGroup section */

/* Begin XCBuildConfiguration section */
		CCB5D0192A3AEED2004B9A36 /* Debug */ = {
			isa = XCBuildConfiguration;
			buildSettings = {
				ALWAYS_SEARCH_USER_PATHS = NO;
				CLANG_ANALYZER_NONNULL = YES;
				CLANG_ANALYZER_NUMBER_OBJECT_CONVERSION = YES_AGGRESSIVE;
				CLANG_CXX_LANGUAGE_STANDARD = "gnu++20";
				CLANG_ENABLE_MODULES = YES;
				CLANG_ENABLE_OBJC_ARC = YES;
				CLANG_ENABLE_OBJC_WEAK = YES;
				CLANG_WARN_BLOCK_CAPTURE_AUTORELEASING = YES;
				CLANG_WARN_BOOL_CONVERSION = YES;
				CLANG_WARN_COMMA = YES;
				CLANG_WARN_CONSTANT_CONVERSION = YES;
				CLANG_WARN_DEPRECATED_OBJC_IMPLEMENTATIONS = YES;
				CLANG_WARN_DIRECT_OBJC_ISA_USAGE = YES_ERROR;
				CLANG_WARN_DOCUMENTATION_COMMENTS = YES;
				CLANG_WARN_EMPTY_BODY = YES;
				CLANG_WARN_ENUM_CONVERSION = YES;
				CLANG_WARN_INFINITE_RECURSION = YES;
				CLANG_WARN_INT_CONVERSION = YES;
				CLANG_WARN_NON_LITERAL_NULL_CONVERSION = YES;
				CLANG_WARN_OBJC_IMPLICIT_RETAIN_SELF = YES;
				CLANG_WARN_OBJC_LITERAL_CONVERSION = YES;
				CLANG_WARN_OBJC_ROOT_CLASS = YES_ERROR;
				CLANG_WARN_QUOTED_INCLUDE_IN_FRAMEWORK_HEADER = YES;
				CLANG_WARN_RANGE_LOOP_ANALYSIS = YES;
				CLANG_WARN_STRICT_PROTOTYPES = YES;
				CLANG_WARN_SUSPICIOUS_MOVE = YES;
				CLANG_WARN_UNGUARDED_AVAILABILITY = YES_AGGRESSIVE;
				CLANG_WARN_UNREACHABLE_CODE = YES;
				CLANG_WARN__DUPLICATE_METHOD_MATCH = YES;
				COPY_PHASE_STRIP = NO;
				DEBUG_INFORMATION_FORMAT = dwarf;
				ENABLE_STRICT_OBJC_MSGSEND = YES;
				ENABLE_TESTABILITY = YES;
				GCC_C_LANGUAGE_STANDARD = gnu11;
				GCC_DYNAMIC_NO_PIC = NO;
				GCC_NO_COMMON_BLOCKS = YES;
				GCC_OPTIMIZATION_LEVEL = 0;
				GCC_PREPROCESSOR_DEFINITIONS = (
					"DEBUG=1",
					"$(inherited)",
				);
				GCC_WARN_64_TO_32_BIT_CONVERSION = YES;
				GCC_WARN_ABOUT_RETURN_TYPE = YES_ERROR;
				GCC_WARN_UNDECLARED_SELECTOR = YES;
				GCC_WARN_UNINITIALIZED_AUTOS = YES_AGGRESSIVE;
				GCC_WARN_UNUSED_FUNCTION = YES;
				GCC_WARN_UNUSED_VARIABLE = YES;
				IPHONEOS_DEPLOYMENT_TARGET = 16.4;
				MTL_ENABLE_DEBUG_INFO = INCLUDE_SOURCE;
				MTL_FAST_MATH = YES;
				ONLY_ACTIVE_ARCH = YES;
				SDKROOT = iphoneos;
				SWIFT_ACTIVE_COMPILATION_CONDITIONS = DEBUG;
				SWIFT_OPTIMIZATION_LEVEL = "-Onone";
			};
			name = Debug;
		};
		CCB5D01A2A3AEED2004B9A36 /* Release */ = {
			isa = XCBuildConfiguration;
			buildSettings = {
				ALWAYS_SEARCH_USER_PATHS = NO;
				CLANG_ANALYZER_NONNULL = YES;
				CLANG_ANALYZER_NUMBER_OBJECT_CONVERSION = YES_AGGRESSIVE;
				CLANG_CXX_LANGUAGE_STANDARD = "gnu++20";
				CLANG_ENABLE_MODULES = YES;
				CLANG_ENABLE_OBJC_ARC = YES;
				CLANG_ENABLE_OBJC_WEAK = YES;
				CLANG_WARN_BLOCK_CAPTURE_AUTORELEASING = YES;
				CLANG_WARN_BOOL_CONVERSION = YES;
				CLANG_WARN_COMMA = YES;
				CLANG_WARN_CONSTANT_CONVERSION = YES;
				CLANG_WARN_DEPRECATED_OBJC_IMPLEMENTATIONS = YES;
				CLANG_WARN_DIRECT_OBJC_ISA_USAGE = YES_ERROR;
				CLANG_WARN_DOCUMENTATION_COMMENTS = YES;
				CLANG_WARN_EMPTY_BODY = YES;
				CLANG_WARN_ENUM_CONVERSION = YES;
				CLANG_WARN_INFINITE_RECURSION = YES;
				CLANG_WARN_INT_CONVERSION = YES;
				CLANG_WARN_NON_LITERAL_NULL_CONVERSION = YES;
				CLANG_WARN_OBJC_IMPLICIT_RETAIN_SELF = YES;
				CLANG_WARN_OBJC_LITERAL_CONVERSION = YES;
				CLANG_WARN_OBJC_ROOT_CLASS = YES_ERROR;
				CLANG_WARN_QUOTED_INCLUDE_IN_FRAMEWORK_HEADER = YES;
				CLANG_WARN_RANGE_LOOP_ANALYSIS = YES;
				CLANG_WARN_STRICT_PROTOTYPES = YES;
				CLANG_WARN_SUSPICIOUS_MOVE = YES;
				CLANG_WARN_UNGUARDED_AVAILABILITY = YES_AGGRESSIVE;
				CLANG_WARN_UNREACHABLE_CODE = YES;
				CLANG_WARN__DUPLICATE_METHOD_MATCH = YES;
				COPY_PHASE_STRIP = NO;
				DEBUG_INFORMATION_FORMAT = "dwarf-with-dsym";
				ENABLE_NS_ASSERTIONS = NO;
				ENABLE_STRICT_OBJC_MSGSEND = YES;
				GCC_C_LANGUAGE_STANDARD = gnu11;
				GCC_NO_COMMON_BLOCKS = YES;
				GCC_WARN_64_TO_32_BIT_CONVERSION = YES;
				GCC_WARN_ABOUT_RETURN_TYPE = YES_ERROR;
				GCC_WARN_UNDECLARED_SELECTOR = YES;
				GCC_WARN_UNINITIALIZED_AUTOS = YES_AGGRESSIVE;
				GCC_WARN_UNUSED_FUNCTION = YES;
				GCC_WARN_UNUSED_VARIABLE = YES;
				IPHONEOS_DEPLOYMENT_TARGET = 16.4;
				MTL_ENABLE_DEBUG_INFO = NO;
				MTL_FAST_MATH = YES;
				SDKROOT = iphoneos;
				SWIFT_COMPILATION_MODE = wholemodule;
				SWIFT_OPTIMIZATION_LEVEL = "-O";
				VALIDATE_PRODUCT = YES;
			};
			name = Release;
		};
		CCB5D01C2A3AEED2004B9A36 /* Debug */ = {
			isa = XCBuildConfiguration;
			buildSettings = {
				ASSETCATALOG_COMPILER_APPICON_NAME = AppIcon;
				ASSETCATALOG_COMPILER_GLOBAL_ACCENT_COLOR_NAME = AccentColor;
				CODE_SIGN_STYLE = Automatic;
				CURRENT_PROJECT_VERSION = 1;
				GENERATE_INFOPLIST_FILE = YES;
				INFOPLIST_FILE = MathForKids/Application/Info.plist;
				INFOPLIST_KEY_UIApplicationSupportsIndirectInputEvents = YES;
				INFOPLIST_KEY_UILaunchStoryboardName = LaunchScreen;
				INFOPLIST_KEY_UIMainStoryboardFile = Main;
				INFOPLIST_KEY_UISupportedInterfaceOrientations = UIInterfaceOrientationPortrait;
				LD_RUNPATH_SEARCH_PATHS = (
					"$(inherited)",
					"@executable_path/Frameworks",
				);
				MARKETING_VERSION = 1.0;
				PRODUCT_BUNDLE_IDENTIFIER = com.zikrandmehr.MathForKids;
				PRODUCT_NAME = "Math For Kids";
				SWIFT_EMIT_LOC_STRINGS = YES;
				SWIFT_VERSION = 5.0;
				TARGETED_DEVICE_FAMILY = "1,2";
			};
			name = Debug;
		};
		CCB5D01D2A3AEED2004B9A36 /* Release */ = {
			isa = XCBuildConfiguration;
			buildSettings = {
				ASSETCATALOG_COMPILER_APPICON_NAME = AppIcon;
				ASSETCATALOG_COMPILER_GLOBAL_ACCENT_COLOR_NAME = AccentColor;
				CODE_SIGN_STYLE = Automatic;
				CURRENT_PROJECT_VERSION = 1;
				GENERATE_INFOPLIST_FILE = YES;
				INFOPLIST_FILE = MathForKids/Application/Info.plist;
				INFOPLIST_KEY_UIApplicationSupportsIndirectInputEvents = YES;
				INFOPLIST_KEY_UILaunchStoryboardName = LaunchScreen;
				INFOPLIST_KEY_UIMainStoryboardFile = Main;
				INFOPLIST_KEY_UISupportedInterfaceOrientations = UIInterfaceOrientationPortrait;
				LD_RUNPATH_SEARCH_PATHS = (
					"$(inherited)",
					"@executable_path/Frameworks",
				);
				MARKETING_VERSION = 1.0;
				PRODUCT_BUNDLE_IDENTIFIER = com.zikrandmehr.MathForKids;
				PRODUCT_NAME = "Math For Kids";
				SWIFT_EMIT_LOC_STRINGS = YES;
				SWIFT_VERSION = 5.0;
				TARGETED_DEVICE_FAMILY = "1,2";
			};
			name = Release;
		};
/* End XCBuildConfiguration section */

/* Begin XCConfigurationList section */
		CCB5D0022A3AEED0004B9A36 /* Build configuration list for PBXProject "MathForKids" */ = {
			isa = XCConfigurationList;
			buildConfigurations = (
				CCB5D0192A3AEED2004B9A36 /* Debug */,
				CCB5D01A2A3AEED2004B9A36 /* Release */,
			);
			defaultConfigurationIsVisible = 0;
			defaultConfigurationName = Release;
		};
		CCB5D01B2A3AEED2004B9A36 /* Build configuration list for PBXNativeTarget "MathForKids" */ = {
			isa = XCConfigurationList;
			buildConfigurations = (
				CCB5D01C2A3AEED2004B9A36 /* Debug */,
				CCB5D01D2A3AEED2004B9A36 /* Release */,
			);
			defaultConfigurationIsVisible = 0;
			defaultConfigurationName = Release;
		};
/* End XCConfigurationList section */
	};
	rootObject = CCB5CFFF2A3AEED0004B9A36 /* Project object */;
}
